
Microsoft Visual Studio Solution File, Format Version 12.00
# Visual Studio Version 17
VisualStudioVersion = 17.8.34309.116
MinimumVisualStudioVersion = 10.0.40219.1
Project("{9A19103F-16F7-4668-BE54-9A1E7A4F7556}") = "Library", "Library\Library.csproj", "{799E5D79-6BE2-4E21-924A-EEF7CA3095AD}"
EndProject
Project("{2150E333-8FDC-42A3-9474-1A3956D46DE8}") = "2023", "2023", "{62122AD2-5AAA-43FA-B851-79FC4E136D65}"
EndProject
Project("{2150E333-8FDC-42A3-9474-1A3956D46DE8}") = "2022", "2022", "{84E81AD7-E87B-4836-BC1A-AEE873515EFA}"
EndProject
Project("{9A19103F-16F7-4668-BE54-9A1E7A4F7556}") = "Day12", "2022\Day12\Day12.csproj", "{C20B9897-25C3-4442-9C82-EDEB1914B036}"
EndProject
Project("{9A19103F-16F7-4668-BE54-9A1E7A4F7556}") = "Day1", "2022\Day1\Day1.csproj", "{D8E200B8-CFDA-4770-AAA7-630041C0C9E7}"
EndProject
Project("{9A19103F-16F7-4668-BE54-9A1E7A4F7556}") = "Day16", "2022\Day16\Day16.csproj", "{1808357B-4375-4094-8CF5-2BEC1E8B0EEB}"
EndProject
Project("{9A19103F-16F7-4668-BE54-9A1E7A4F7556}") = "Day19", "2022\Day19\Day19.csproj", "{98E5D6E1-3841-4E00-879E-7B789EE19C2D}"
EndProject
Project("{9A19103F-16F7-4668-BE54-9A1E7A4F7556}") = "Day01", "2023\Day01\Day01.csproj", "{6962EB56-A700-4230-8F63-00CF79B4B073}"
EndProject
Project("{9A19103F-16F7-4668-BE54-9A1E7A4F7556}") = "Day02", "2023\Day02\Day02.csproj", "{842AF138-9867-47A9-8C5A-D1494633DBB6}"
EndProject
Project("{9A19103F-16F7-4668-BE54-9A1E7A4F7556}") = "Day03", "2023\Day03\Day03.csproj", "{F5B7DCA9-EC76-4004-B9DC-30B03D52FFE4}"
EndProject
Project("{9A19103F-16F7-4668-BE54-9A1E7A4F7556}") = "Day04", "2023\Day04\Day04.csproj", "{D6559B02-D145-4F47-8494-C8168E236799}"
EndProject
Project("{9A19103F-16F7-4668-BE54-9A1E7A4F7556}") = "Day05", "2023\Day05\Day05.csproj", "{074505AA-DFBC-40E6-98B0-E0A172A3C92C}"
EndProject
Project("{9A19103F-16F7-4668-BE54-9A1E7A4F7556}") = "Day06", "2023\Day06\Day06.csproj", "{AFB97463-4300-46FA-88D4-D9134E136BCC}"
EndProject
Project("{9A19103F-16F7-4668-BE54-9A1E7A4F7556}") = "Day07", "2023\Day07\Day07.csproj", "{7F4E1D15-E4A2-4C49-B864-2767C134CC37}"
EndProject
Project("{9A19103F-16F7-4668-BE54-9A1E7A4F7556}") = "Day08", "2023\Day08\Day08.csproj", "{4201E25B-CB83-4B6E-95F4-858F1722BC3A}"
EndProject
Project("{9A19103F-16F7-4668-BE54-9A1E7A4F7556}") = "Day09", "2023\Day09\Day09.csproj", "{48A48CEE-9BFA-4791-9504-8CED91263AE3}"
EndProject
Project("{9A19103F-16F7-4668-BE54-9A1E7A4F7556}") = "Day10", "2023\Day10\Day10.csproj", "{3A99678C-7883-4B5C-ABAA-E5501D0678F7}"
EndProject
Project("{9A19103F-16F7-4668-BE54-9A1E7A4F7556}") = "Day11", "2023\Day11\Day11.csproj", "{4455290E-581C-41BA-ABC3-D7D956A9F96F}"
EndProject
Project("{9A19103F-16F7-4668-BE54-9A1E7A4F7556}") = "Day12", "2023\Day12\Day12.csproj", "{DBF4AD45-038A-482F-A214-9AD3372CD934}"
EndProject
Project("{9A19103F-16F7-4668-BE54-9A1E7A4F7556}") = "Day13", "2023\Day13\Day13.csproj", "{94A81DA4-AE40-4F8A-8FD3-4E6A34BC8D06}"
EndProject
Project("{9A19103F-16F7-4668-BE54-9A1E7A4F7556}") = "Day14", "2023\Day14\Day14.csproj", "{F01F24E4-3372-40F1-9240-3A43DE752F21}"
EndProject
Project("{9A19103F-16F7-4668-BE54-9A1E7A4F7556}") = "Day15", "2023\Day15\Day15.csproj", "{055812F1-3FC6-428F-9AD2-6EEFD3351B2C}"
EndProject
Project("{9A19103F-16F7-4668-BE54-9A1E7A4F7556}") = "Day16", "2023\Day16\Day16.csproj", "{B7848736-7E8D-4C76-A365-C6943BE69ADE}"
EndProject
Project("{9A19103F-16F7-4668-BE54-9A1E7A4F7556}") = "Day17", "2023\Day17\Day17.csproj", "{36689567-72AF-4BFA-96A0-AC1B04CD0C50}"
EndProject
Project("{9A19103F-16F7-4668-BE54-9A1E7A4F7556}") = "Day18", "2023\Day18\Day18.csproj", "{9E5B926A-F8F7-4D5B-989B-1D40D01F3505}"
EndProject
Project("{9A19103F-16F7-4668-BE54-9A1E7A4F7556}") = "Day19", "2023\Day19\Day19.csproj", "{A51DF2D0-1CFD-4425-8452-69FC2BB2DBF6}"
EndProject
Project("{9A19103F-16F7-4668-BE54-9A1E7A4F7556}") = "Day20", "2023\Day20\Day20.csproj", "{684BEDE0-CF1B-4B1B-BF29-B4CEA9537E9A}"
EndProject
Project("{9A19103F-16F7-4668-BE54-9A1E7A4F7556}") = "Day21", "2023\Day21\Day21.csproj", "{E9518993-49EB-4C61-A327-87BADD2332F0}"
EndProject
Project("{9A19103F-16F7-4668-BE54-9A1E7A4F7556}") = "Day22", "2023\Day22\Day22.csproj", "{86B0276C-79F3-49A7-80DB-3999A73D1305}"
EndProject
Project("{9A19103F-16F7-4668-BE54-9A1E7A4F7556}") = "Day23", "2023\Day23\Day23.csproj", "{366DBC07-B523-42AC-8610-6DD3DC933D2C}"
EndProject
Project("{9A19103F-16F7-4668-BE54-9A1E7A4F7556}") = "Day24", "2023\Day24\Day24.csproj", "{F6733088-F098-4B29-A399-5E3C3BC0AEA2}"
EndProject
Project("{9A19103F-16F7-4668-BE54-9A1E7A4F7556}") = "Day25", "2023\Day25\Day25.csproj", "{B4A42860-607E-4577-B2FE-250A2A03F4CD}"
EndProject
Global
	GlobalSection(SolutionConfigurationPlatforms) = preSolution
		Debug|Any CPU = Debug|Any CPU
		Release|Any CPU = Release|Any CPU
		Release2|Any CPU = Release2|Any CPU
	EndGlobalSection
	GlobalSection(ProjectConfigurationPlatforms) = postSolution
		{799E5D79-6BE2-4E21-924A-EEF7CA3095AD}.Debug|Any CPU.ActiveCfg = Debug|Any CPU
		{799E5D79-6BE2-4E21-924A-EEF7CA3095AD}.Debug|Any CPU.Build.0 = Debug|Any CPU
		{799E5D79-6BE2-4E21-924A-EEF7CA3095AD}.Release|Any CPU.ActiveCfg = Release|Any CPU
		{799E5D79-6BE2-4E21-924A-EEF7CA3095AD}.Release|Any CPU.Build.0 = Release|Any CPU
		{799E5D79-6BE2-4E21-924A-EEF7CA3095AD}.Release2|Any CPU.ActiveCfg = Release2|Any CPU
		{799E5D79-6BE2-4E21-924A-EEF7CA3095AD}.Release2|Any CPU.Build.0 = Release2|Any CPU
		{C20B9897-25C3-4442-9C82-EDEB1914B036}.Debug|Any CPU.ActiveCfg = Debug|Any CPU
		{C20B9897-25C3-4442-9C82-EDEB1914B036}.Debug|Any CPU.Build.0 = Debug|Any CPU
		{C20B9897-25C3-4442-9C82-EDEB1914B036}.Release|Any CPU.ActiveCfg = Release|Any CPU
		{C20B9897-25C3-4442-9C82-EDEB1914B036}.Release|Any CPU.Build.0 = Release|Any CPU
		{C20B9897-25C3-4442-9C82-EDEB1914B036}.Release2|Any CPU.ActiveCfg = Release2|Any CPU
		{C20B9897-25C3-4442-9C82-EDEB1914B036}.Release2|Any CPU.Build.0 = Release2|Any CPU
		{D8E200B8-CFDA-4770-AAA7-630041C0C9E7}.Debug|Any CPU.ActiveCfg = Debug|Any CPU
		{D8E200B8-CFDA-4770-AAA7-630041C0C9E7}.Debug|Any CPU.Build.0 = Debug|Any CPU
		{D8E200B8-CFDA-4770-AAA7-630041C0C9E7}.Release|Any CPU.ActiveCfg = Release|Any CPU
		{D8E200B8-CFDA-4770-AAA7-630041C0C9E7}.Release|Any CPU.Build.0 = Release|Any CPU
		{D8E200B8-CFDA-4770-AAA7-630041C0C9E7}.Release2|Any CPU.ActiveCfg = Release2|Any CPU
		{D8E200B8-CFDA-4770-AAA7-630041C0C9E7}.Release2|Any CPU.Build.0 = Release2|Any CPU
		{1808357B-4375-4094-8CF5-2BEC1E8B0EEB}.Debug|Any CPU.ActiveCfg = Debug|Any CPU
		{1808357B-4375-4094-8CF5-2BEC1E8B0EEB}.Debug|Any CPU.Build.0 = Debug|Any CPU
		{1808357B-4375-4094-8CF5-2BEC1E8B0EEB}.Release|Any CPU.ActiveCfg = Release|Any CPU
		{1808357B-4375-4094-8CF5-2BEC1E8B0EEB}.Release|Any CPU.Build.0 = Release|Any CPU
		{1808357B-4375-4094-8CF5-2BEC1E8B0EEB}.Release2|Any CPU.ActiveCfg = Release2|Any CPU
		{1808357B-4375-4094-8CF5-2BEC1E8B0EEB}.Release2|Any CPU.Build.0 = Release2|Any CPU
		{98E5D6E1-3841-4E00-879E-7B789EE19C2D}.Debug|Any CPU.ActiveCfg = Debug|Any CPU
		{98E5D6E1-3841-4E00-879E-7B789EE19C2D}.Debug|Any CPU.Build.0 = Debug|Any CPU
		{98E5D6E1-3841-4E00-879E-7B789EE19C2D}.Release|Any CPU.ActiveCfg = Release|Any CPU
		{98E5D6E1-3841-4E00-879E-7B789EE19C2D}.Release|Any CPU.Build.0 = Release|Any CPU
		{98E5D6E1-3841-4E00-879E-7B789EE19C2D}.Release2|Any CPU.ActiveCfg = Release2|Any CPU
		{98E5D6E1-3841-4E00-879E-7B789EE19C2D}.Release2|Any CPU.Build.0 = Release2|Any CPU
		{6962EB56-A700-4230-8F63-00CF79B4B073}.Debug|Any CPU.ActiveCfg = Debug|Any CPU
		{6962EB56-A700-4230-8F63-00CF79B4B073}.Debug|Any CPU.Build.0 = Debug|Any CPU
		{6962EB56-A700-4230-8F63-00CF79B4B073}.Release|Any CPU.ActiveCfg = Release|Any CPU
		{6962EB56-A700-4230-8F63-00CF79B4B073}.Release|Any CPU.Build.0 = Release|Any CPU
		{6962EB56-A700-4230-8F63-00CF79B4B073}.Release2|Any CPU.ActiveCfg = Release2|Any CPU
		{6962EB56-A700-4230-8F63-00CF79B4B073}.Release2|Any CPU.Build.0 = Release2|Any CPU
		{842AF138-9867-47A9-8C5A-D1494633DBB6}.Debug|Any CPU.ActiveCfg = Debug|Any CPU
		{842AF138-9867-47A9-8C5A-D1494633DBB6}.Debug|Any CPU.Build.0 = Debug|Any CPU
		{842AF138-9867-47A9-8C5A-D1494633DBB6}.Release|Any CPU.ActiveCfg = Release|Any CPU
		{842AF138-9867-47A9-8C5A-D1494633DBB6}.Release|Any CPU.Build.0 = Release|Any CPU
		{842AF138-9867-47A9-8C5A-D1494633DBB6}.Release2|Any CPU.ActiveCfg = Release2|Any CPU
		{842AF138-9867-47A9-8C5A-D1494633DBB6}.Release2|Any CPU.Build.0 = Release2|Any CPU
		{F5B7DCA9-EC76-4004-B9DC-30B03D52FFE4}.Debug|Any CPU.ActiveCfg = Debug|Any CPU
		{F5B7DCA9-EC76-4004-B9DC-30B03D52FFE4}.Debug|Any CPU.Build.0 = Debug|Any CPU
		{F5B7DCA9-EC76-4004-B9DC-30B03D52FFE4}.Release|Any CPU.ActiveCfg = Release|Any CPU
		{F5B7DCA9-EC76-4004-B9DC-30B03D52FFE4}.Release|Any CPU.Build.0 = Release|Any CPU
		{F5B7DCA9-EC76-4004-B9DC-30B03D52FFE4}.Release2|Any CPU.ActiveCfg = Release2|Any CPU
		{F5B7DCA9-EC76-4004-B9DC-30B03D52FFE4}.Release2|Any CPU.Build.0 = Release2|Any CPU
		{D6559B02-D145-4F47-8494-C8168E236799}.Debug|Any CPU.ActiveCfg = Debug|Any CPU
		{D6559B02-D145-4F47-8494-C8168E236799}.Debug|Any CPU.Build.0 = Debug|Any CPU
		{D6559B02-D145-4F47-8494-C8168E236799}.Release|Any CPU.ActiveCfg = Release|Any CPU
		{D6559B02-D145-4F47-8494-C8168E236799}.Release|Any CPU.Build.0 = Release|Any CPU
		{D6559B02-D145-4F47-8494-C8168E236799}.Release2|Any CPU.ActiveCfg = Release2|Any CPU
		{D6559B02-D145-4F47-8494-C8168E236799}.Release2|Any CPU.Build.0 = Release2|Any CPU
		{074505AA-DFBC-40E6-98B0-E0A172A3C92C}.Debug|Any CPU.ActiveCfg = Debug|Any CPU
		{074505AA-DFBC-40E6-98B0-E0A172A3C92C}.Debug|Any CPU.Build.0 = Debug|Any CPU
		{074505AA-DFBC-40E6-98B0-E0A172A3C92C}.Release|Any CPU.ActiveCfg = Release|Any CPU
		{074505AA-DFBC-40E6-98B0-E0A172A3C92C}.Release|Any CPU.Build.0 = Release|Any CPU
		{074505AA-DFBC-40E6-98B0-E0A172A3C92C}.Release2|Any CPU.ActiveCfg = Release2|Any CPU
		{074505AA-DFBC-40E6-98B0-E0A172A3C92C}.Release2|Any CPU.Build.0 = Release2|Any CPU
		{AFB97463-4300-46FA-88D4-D9134E136BCC}.Debug|Any CPU.ActiveCfg = Debug|Any CPU
		{AFB97463-4300-46FA-88D4-D9134E136BCC}.Debug|Any CPU.Build.0 = Debug|Any CPU
		{AFB97463-4300-46FA-88D4-D9134E136BCC}.Release|Any CPU.ActiveCfg = Release|Any CPU
		{AFB97463-4300-46FA-88D4-D9134E136BCC}.Release|Any CPU.Build.0 = Release|Any CPU
		{AFB97463-4300-46FA-88D4-D9134E136BCC}.Release2|Any CPU.ActiveCfg = Release2|Any CPU
		{AFB97463-4300-46FA-88D4-D9134E136BCC}.Release2|Any CPU.Build.0 = Release2|Any CPU
		{7F4E1D15-E4A2-4C49-B864-2767C134CC37}.Debug|Any CPU.ActiveCfg = Debug|Any CPU
		{7F4E1D15-E4A2-4C49-B864-2767C134CC37}.Debug|Any CPU.Build.0 = Debug|Any CPU
		{7F4E1D15-E4A2-4C49-B864-2767C134CC37}.Release|Any CPU.ActiveCfg = Release|Any CPU
		{7F4E1D15-E4A2-4C49-B864-2767C134CC37}.Release|Any CPU.Build.0 = Release|Any CPU
		{7F4E1D15-E4A2-4C49-B864-2767C134CC37}.Release2|Any CPU.ActiveCfg = Release2|Any CPU
		{7F4E1D15-E4A2-4C49-B864-2767C134CC37}.Release2|Any CPU.Build.0 = Release2|Any CPU
		{4201E25B-CB83-4B6E-95F4-858F1722BC3A}.Debug|Any CPU.ActiveCfg = Debug|Any CPU
		{4201E25B-CB83-4B6E-95F4-858F1722BC3A}.Debug|Any CPU.Build.0 = Debug|Any CPU
		{4201E25B-CB83-4B6E-95F4-858F1722BC3A}.Release|Any CPU.ActiveCfg = Release|Any CPU
		{4201E25B-CB83-4B6E-95F4-858F1722BC3A}.Release|Any CPU.Build.0 = Release|Any CPU
		{4201E25B-CB83-4B6E-95F4-858F1722BC3A}.Release2|Any CPU.ActiveCfg = Release2|Any CPU
		{4201E25B-CB83-4B6E-95F4-858F1722BC3A}.Release2|Any CPU.Build.0 = Release2|Any CPU
		{48A48CEE-9BFA-4791-9504-8CED91263AE3}.Debug|Any CPU.ActiveCfg = Debug|Any CPU
		{48A48CEE-9BFA-4791-9504-8CED91263AE3}.Debug|Any CPU.Build.0 = Debug|Any CPU
		{48A48CEE-9BFA-4791-9504-8CED91263AE3}.Release|Any CPU.ActiveCfg = Release|Any CPU
		{48A48CEE-9BFA-4791-9504-8CED91263AE3}.Release|Any CPU.Build.0 = Release|Any CPU
		{48A48CEE-9BFA-4791-9504-8CED91263AE3}.Release2|Any CPU.ActiveCfg = Release2|Any CPU
		{48A48CEE-9BFA-4791-9504-8CED91263AE3}.Release2|Any CPU.Build.0 = Release2|Any CPU
		{3A99678C-7883-4B5C-ABAA-E5501D0678F7}.Debug|Any CPU.ActiveCfg = Debug|Any CPU
		{3A99678C-7883-4B5C-ABAA-E5501D0678F7}.Debug|Any CPU.Build.0 = Debug|Any CPU
		{3A99678C-7883-4B5C-ABAA-E5501D0678F7}.Release|Any CPU.ActiveCfg = Release|Any CPU
		{3A99678C-7883-4B5C-ABAA-E5501D0678F7}.Release|Any CPU.Build.0 = Release|Any CPU
		{3A99678C-7883-4B5C-ABAA-E5501D0678F7}.Release2|Any CPU.ActiveCfg = Release2|Any CPU
		{3A99678C-7883-4B5C-ABAA-E5501D0678F7}.Release2|Any CPU.Build.0 = Release2|Any CPU
		{4455290E-581C-41BA-ABC3-D7D956A9F96F}.Debug|Any CPU.ActiveCfg = Debug|Any CPU
		{4455290E-581C-41BA-ABC3-D7D956A9F96F}.Debug|Any CPU.Build.0 = Debug|Any CPU
		{4455290E-581C-41BA-ABC3-D7D956A9F96F}.Release|Any CPU.ActiveCfg = Release|Any CPU
		{4455290E-581C-41BA-ABC3-D7D956A9F96F}.Release|Any CPU.Build.0 = Release|Any CPU
		{4455290E-581C-41BA-ABC3-D7D956A9F96F}.Release2|Any CPU.ActiveCfg = Release2|Any CPU
		{4455290E-581C-41BA-ABC3-D7D956A9F96F}.Release2|Any CPU.Build.0 = Release2|Any CPU
		{DBF4AD45-038A-482F-A214-9AD3372CD934}.Debug|Any CPU.ActiveCfg = Debug|Any CPU
		{DBF4AD45-038A-482F-A214-9AD3372CD934}.Debug|Any CPU.Build.0 = Debug|Any CPU
		{DBF4AD45-038A-482F-A214-9AD3372CD934}.Release|Any CPU.ActiveCfg = Release|Any CPU
		{DBF4AD45-038A-482F-A214-9AD3372CD934}.Release|Any CPU.Build.0 = Release|Any CPU
		{DBF4AD45-038A-482F-A214-9AD3372CD934}.Release2|Any CPU.ActiveCfg = Release2|Any CPU
		{DBF4AD45-038A-482F-A214-9AD3372CD934}.Release2|Any CPU.Build.0 = Release2|Any CPU
		{94A81DA4-AE40-4F8A-8FD3-4E6A34BC8D06}.Debug|Any CPU.ActiveCfg = Debug|Any CPU
		{94A81DA4-AE40-4F8A-8FD3-4E6A34BC8D06}.Debug|Any CPU.Build.0 = Debug|Any CPU
		{94A81DA4-AE40-4F8A-8FD3-4E6A34BC8D06}.Release|Any CPU.ActiveCfg = Release|Any CPU
		{94A81DA4-AE40-4F8A-8FD3-4E6A34BC8D06}.Release|Any CPU.Build.0 = Release|Any CPU
		{94A81DA4-AE40-4F8A-8FD3-4E6A34BC8D06}.Release2|Any CPU.ActiveCfg = Release2|Any CPU
		{94A81DA4-AE40-4F8A-8FD3-4E6A34BC8D06}.Release2|Any CPU.Build.0 = Release2|Any CPU
		{F01F24E4-3372-40F1-9240-3A43DE752F21}.Debug|Any CPU.ActiveCfg = Debug|Any CPU
		{F01F24E4-3372-40F1-9240-3A43DE752F21}.Debug|Any CPU.Build.0 = Debug|Any CPU
		{F01F24E4-3372-40F1-9240-3A43DE752F21}.Release|Any CPU.ActiveCfg = Release|Any CPU
		{F01F24E4-3372-40F1-9240-3A43DE752F21}.Release|Any CPU.Build.0 = Release|Any CPU
		{F01F24E4-3372-40F1-9240-3A43DE752F21}.Release2|Any CPU.ActiveCfg = Release2|Any CPU
		{F01F24E4-3372-40F1-9240-3A43DE752F21}.Release2|Any CPU.Build.0 = Release2|Any CPU
		{055812F1-3FC6-428F-9AD2-6EEFD3351B2C}.Debug|Any CPU.ActiveCfg = Debug|Any CPU
		{055812F1-3FC6-428F-9AD2-6EEFD3351B2C}.Debug|Any CPU.Build.0 = Debug|Any CPU
		{055812F1-3FC6-428F-9AD2-6EEFD3351B2C}.Release|Any CPU.ActiveCfg = Release|Any CPU
		{055812F1-3FC6-428F-9AD2-6EEFD3351B2C}.Release|Any CPU.Build.0 = Release|Any CPU
		{055812F1-3FC6-428F-9AD2-6EEFD3351B2C}.Release2|Any CPU.ActiveCfg = Release2|Any CPU
		{055812F1-3FC6-428F-9AD2-6EEFD3351B2C}.Release2|Any CPU.Build.0 = Release2|Any CPU
		{B7848736-7E8D-4C76-A365-C6943BE69ADE}.Debug|Any CPU.ActiveCfg = Debug|Any CPU
		{B7848736-7E8D-4C76-A365-C6943BE69ADE}.Debug|Any CPU.Build.0 = Debug|Any CPU
		{B7848736-7E8D-4C76-A365-C6943BE69ADE}.Release|Any CPU.ActiveCfg = Release|Any CPU
		{B7848736-7E8D-4C76-A365-C6943BE69ADE}.Release|Any CPU.Build.0 = Release|Any CPU
		{B7848736-7E8D-4C76-A365-C6943BE69ADE}.Release2|Any CPU.ActiveCfg = Release2|Any CPU
		{B7848736-7E8D-4C76-A365-C6943BE69ADE}.Release2|Any CPU.Build.0 = Release2|Any CPU
		{36689567-72AF-4BFA-96A0-AC1B04CD0C50}.Debug|Any CPU.ActiveCfg = Debug|Any CPU
		{36689567-72AF-4BFA-96A0-AC1B04CD0C50}.Debug|Any CPU.Build.0 = Debug|Any CPU
		{36689567-72AF-4BFA-96A0-AC1B04CD0C50}.Release|Any CPU.ActiveCfg = Release|Any CPU
		{36689567-72AF-4BFA-96A0-AC1B04CD0C50}.Release|Any CPU.Build.0 = Release|Any CPU
		{36689567-72AF-4BFA-96A0-AC1B04CD0C50}.Release2|Any CPU.ActiveCfg = Release2|Any CPU
		{36689567-72AF-4BFA-96A0-AC1B04CD0C50}.Release2|Any CPU.Build.0 = Release2|Any CPU
		{9E5B926A-F8F7-4D5B-989B-1D40D01F3505}.Debug|Any CPU.ActiveCfg = Debug|Any CPU
		{9E5B926A-F8F7-4D5B-989B-1D40D01F3505}.Debug|Any CPU.Build.0 = Debug|Any CPU
		{9E5B926A-F8F7-4D5B-989B-1D40D01F3505}.Release|Any CPU.ActiveCfg = Release|Any CPU
		{9E5B926A-F8F7-4D5B-989B-1D40D01F3505}.Release|Any CPU.Build.0 = Release|Any CPU
		{9E5B926A-F8F7-4D5B-989B-1D40D01F3505}.Release2|Any CPU.ActiveCfg = Release2|Any CPU
		{9E5B926A-F8F7-4D5B-989B-1D40D01F3505}.Release2|Any CPU.Build.0 = Release2|Any CPU
		{A51DF2D0-1CFD-4425-8452-69FC2BB2DBF6}.Debug|Any CPU.ActiveCfg = Debug|Any CPU
		{A51DF2D0-1CFD-4425-8452-69FC2BB2DBF6}.Debug|Any CPU.Build.0 = Debug|Any CPU
		{A51DF2D0-1CFD-4425-8452-69FC2BB2DBF6}.Release|Any CPU.ActiveCfg = Release|Any CPU
		{A51DF2D0-1CFD-4425-8452-69FC2BB2DBF6}.Release|Any CPU.Build.0 = Release|Any CPU
		{A51DF2D0-1CFD-4425-8452-69FC2BB2DBF6}.Release2|Any CPU.ActiveCfg = Release2|Any CPU
		{A51DF2D0-1CFD-4425-8452-69FC2BB2DBF6}.Release2|Any CPU.Build.0 = Release2|Any CPU
		{684BEDE0-CF1B-4B1B-BF29-B4CEA9537E9A}.Debug|Any CPU.ActiveCfg = Debug|Any CPU
		{684BEDE0-CF1B-4B1B-BF29-B4CEA9537E9A}.Debug|Any CPU.Build.0 = Debug|Any CPU
		{684BEDE0-CF1B-4B1B-BF29-B4CEA9537E9A}.Release|Any CPU.ActiveCfg = Release|Any CPU
		{684BEDE0-CF1B-4B1B-BF29-B4CEA9537E9A}.Release|Any CPU.Build.0 = Release|Any CPU
		{684BEDE0-CF1B-4B1B-BF29-B4CEA9537E9A}.Release2|Any CPU.ActiveCfg = Release2|Any CPU
		{684BEDE0-CF1B-4B1B-BF29-B4CEA9537E9A}.Release2|Any CPU.Build.0 = Release2|Any CPU
		{E9518993-49EB-4C61-A327-87BADD2332F0}.Debug|Any CPU.ActiveCfg = Debug|Any CPU
		{E9518993-49EB-4C61-A327-87BADD2332F0}.Debug|Any CPU.Build.0 = Debug|Any CPU
		{E9518993-49EB-4C61-A327-87BADD2332F0}.Release|Any CPU.ActiveCfg = Release|Any CPU
		{E9518993-49EB-4C61-A327-87BADD2332F0}.Release|Any CPU.Build.0 = Release|Any CPU
		{E9518993-49EB-4C61-A327-87BADD2332F0}.Release2|Any CPU.ActiveCfg = Release2|Any CPU
		{E9518993-49EB-4C61-A327-87BADD2332F0}.Release2|Any CPU.Build.0 = Release2|Any CPU
		{86B0276C-79F3-49A7-80DB-3999A73D1305}.Debug|Any CPU.ActiveCfg = Debug|Any CPU
		{86B0276C-79F3-49A7-80DB-3999A73D1305}.Debug|Any CPU.Build.0 = Debug|Any CPU
		{86B0276C-79F3-49A7-80DB-3999A73D1305}.Release|Any CPU.ActiveCfg = Release|Any CPU
		{86B0276C-79F3-49A7-80DB-3999A73D1305}.Release|Any CPU.Build.0 = Release|Any CPU
		{86B0276C-79F3-49A7-80DB-3999A73D1305}.Release2|Any CPU.ActiveCfg = Release2|Any CPU
		{86B0276C-79F3-49A7-80DB-3999A73D1305}.Release2|Any CPU.Build.0 = Release2|Any CPU
		{366DBC07-B523-42AC-8610-6DD3DC933D2C}.Debug|Any CPU.ActiveCfg = Debug|Any CPU
		{366DBC07-B523-42AC-8610-6DD3DC933D2C}.Debug|Any CPU.Build.0 = Debug|Any CPU
		{366DBC07-B523-42AC-8610-6DD3DC933D2C}.Release|Any CPU.ActiveCfg = Release|Any CPU
		{366DBC07-B523-42AC-8610-6DD3DC933D2C}.Release|Any CPU.Build.0 = Release|Any CPU
		{366DBC07-B523-42AC-8610-6DD3DC933D2C}.Release2|Any CPU.ActiveCfg = Release2|Any CPU
		{366DBC07-B523-42AC-8610-6DD3DC933D2C}.Release2|Any CPU.Build.0 = Release2|Any CPU
		{F6733088-F098-4B29-A399-5E3C3BC0AEA2}.Debug|Any CPU.ActiveCfg = Debug|Any CPU
		{F6733088-F098-4B29-A399-5E3C3BC0AEA2}.Debug|Any CPU.Build.0 = Debug|Any CPU
		{F6733088-F098-4B29-A399-5E3C3BC0AEA2}.Release|Any CPU.ActiveCfg = Release|Any CPU
		{F6733088-F098-4B29-A399-5E3C3BC0AEA2}.Release|Any CPU.Build.0 = Release|Any CPU
		{F6733088-F098-4B29-A399-5E3C3BC0AEA2}.Release2|Any CPU.ActiveCfg = Release2|Any CPU
		{F6733088-F098-4B29-A399-5E3C3BC0AEA2}.Release2|Any CPU.Build.0 = Release2|Any CPU
		{B4A42860-607E-4577-B2FE-250A2A03F4CD}.Debug|Any CPU.ActiveCfg = Debug|Any CPU
		{B4A42860-607E-4577-B2FE-250A2A03F4CD}.Debug|Any CPU.Build.0 = Debug|Any CPU
		{B4A42860-607E-4577-B2FE-250A2A03F4CD}.Release|Any CPU.ActiveCfg = Release|Any CPU
		{B4A42860-607E-4577-B2FE-250A2A03F4CD}.Release|Any CPU.Build.0 = Release|Any CPU
		{B4A42860-607E-4577-B2FE-250A2A03F4CD}.Release2|Any CPU.ActiveCfg = Release2|Any CPU
		{B4A42860-607E-4577-B2FE-250A2A03F4CD}.Release2|Any CPU.Build.0 = Release2|Any CPU
	EndGlobalSection
	GlobalSection(SolutionProperties) = preSolution
		HideSolutionNode = FALSE
	EndGlobalSection
	GlobalSection(NestedProjects) = preSolution
		{C20B9897-25C3-4442-9C82-EDEB1914B036} = {84E81AD7-E87B-4836-BC1A-AEE873515EFA}
		{D8E200B8-CFDA-4770-AAA7-630041C0C9E7} = {84E81AD7-E87B-4836-BC1A-AEE873515EFA}
		{1808357B-4375-4094-8CF5-2BEC1E8B0EEB} = {84E81AD7-E87B-4836-BC1A-AEE873515EFA}
		{98E5D6E1-3841-4E00-879E-7B789EE19C2D} = {84E81AD7-E87B-4836-BC1A-AEE873515EFA}
		{6962EB56-A700-4230-8F63-00CF79B4B073} = {62122AD2-5AAA-43FA-B851-79FC4E136D65}
		{842AF138-9867-47A9-8C5A-D1494633DBB6} = {62122AD2-5AAA-43FA-B851-79FC4E136D65}
		{F5B7DCA9-EC76-4004-B9DC-30B03D52FFE4} = {62122AD2-5AAA-43FA-B851-79FC4E136D65}
		{D6559B02-D145-4F47-8494-C8168E236799} = {62122AD2-5AAA-43FA-B851-79FC4E136D65}
		{074505AA-DFBC-40E6-98B0-E0A172A3C92C} = {62122AD2-5AAA-43FA-B851-79FC4E136D65}
		{AFB97463-4300-46FA-88D4-D9134E136BCC} = {62122AD2-5AAA-43FA-B851-79FC4E136D65}
		{7F4E1D15-E4A2-4C49-B864-2767C134CC37} = {62122AD2-5AAA-43FA-B851-79FC4E136D65}
		{4201E25B-CB83-4B6E-95F4-858F1722BC3A} = {62122AD2-5AAA-43FA-B851-79FC4E136D65}
		{48A48CEE-9BFA-4791-9504-8CED91263AE3} = {62122AD2-5AAA-43FA-B851-79FC4E136D65}
		{3A99678C-7883-4B5C-ABAA-E5501D0678F7} = {62122AD2-5AAA-43FA-B851-79FC4E136D65}
		{4455290E-581C-41BA-ABC3-D7D956A9F96F} = {62122AD2-5AAA-43FA-B851-79FC4E136D65}
		{DBF4AD45-038A-482F-A214-9AD3372CD934} = {62122AD2-5AAA-43FA-B851-79FC4E136D65}
		{94A81DA4-AE40-4F8A-8FD3-4E6A34BC8D06} = {62122AD2-5AAA-43FA-B851-79FC4E136D65}
		{F01F24E4-3372-40F1-9240-3A43DE752F21} = {62122AD2-5AAA-43FA-B851-79FC4E136D65}
		{055812F1-3FC6-428F-9AD2-6EEFD3351B2C} = {62122AD2-5AAA-43FA-B851-79FC4E136D65}
		{B7848736-7E8D-4C76-A365-C6943BE69ADE} = {62122AD2-5AAA-43FA-B851-79FC4E136D65}
		{36689567-72AF-4BFA-96A0-AC1B04CD0C50} = {62122AD2-5AAA-43FA-B851-79FC4E136D65}
		{9E5B926A-F8F7-4D5B-989B-1D40D01F3505} = {62122AD2-5AAA-43FA-B851-79FC4E136D65}
		{A51DF2D0-1CFD-4425-8452-69FC2BB2DBF6} = {62122AD2-5AAA-43FA-B851-79FC4E136D65}
		{684BEDE0-CF1B-4B1B-BF29-B4CEA9537E9A} = {62122AD2-5AAA-43FA-B851-79FC4E136D65}
		{E9518993-49EB-4C61-A327-87BADD2332F0} = {62122AD2-5AAA-43FA-B851-79FC4E136D65}
		{86B0276C-79F3-49A7-80DB-3999A73D1305} = {62122AD2-5AAA-43FA-B851-79FC4E136D65}
		{366DBC07-B523-42AC-8610-6DD3DC933D2C} = {62122AD2-5AAA-43FA-B851-79FC4E136D65}
		{F6733088-F098-4B29-A399-5E3C3BC0AEA2} = {62122AD2-5AAA-43FA-B851-79FC4E136D65}
		{B4A42860-607E-4577-B2FE-250A2A03F4CD} = {62122AD2-5AAA-43FA-B851-79FC4E136D65}
	EndGlobalSection
	GlobalSection(ExtensibilityGlobals) = postSolution
		SolutionGuid = {2810F086-EA27-4D37-8F57-8D744290944B}
	EndGlobalSection
EndGlobal
